
Microsoft Visual Studio Solution File, Format Version 12.00
# Visual Studio Version 17
VisualStudioVersion = 17.3.32825.248
MinimumVisualStudioVersion = 10.0.40219.1
Project("{9A19103F-16F7-4668-BE54-9A1E7A4F7556}") = "CeoHelper.Web", "CeoHelper\CeoHelper.Web.csproj", "{B7ECF1E5-BDA6-46A4-9F72-4B75135FEBE1}"
EndProject
Project("{9A19103F-16F7-4668-BE54-9A1E7A4F7556}") = "OpenAI", "OpenAI\OpenAI.csproj", "{C66A3E55-4AD3-4486-B4B5-AEA2CB2DAC22}"
EndProject
Project("{9A19103F-16F7-4668-BE54-9A1E7A4F7556}") = "CeoHelper.Services", "CeoHelper.Services\CeoHelper.Services.csproj", "{59905F9B-3369-425F-ABDF-B1B51651DA60}"
EndProject
Project("{9A19103F-16F7-4668-BE54-9A1E7A4F7556}") = "CeoHelper.Data", "CeoHelper.Data\CeoHelper.Data.csproj", "{E9315623-119E-47EE-9ECE-D8F586470A71}"
EndProject
Project("{FAE04EC0-301F-11D3-BF4B-00C04F79EFBC}") = "CeoHelper.Shared", "CeoHelper.Shared\CeoHelper.Shared.csproj", "{1E746B14-1D28-4CDA-8D5E-D9C611ECF6EE}"
EndProject
Global
	GlobalSection(SolutionConfigurationPlatforms) = preSolution
		Debug|Any CPU = Debug|Any CPU
		Release|Any CPU = Release|Any CPU
	EndGlobalSection
	GlobalSection(ProjectConfigurationPlatforms) = postSolution
		{B7ECF1E5-BDA6-46A4-9F72-4B75135FEBE1}.Debug|Any CPU.ActiveCfg = Debug|Any CPU
		{B7ECF1E5-BDA6-46A4-9F72-4B75135FEBE1}.Debug|Any CPU.Build.0 = Debug|Any CPU
		{B7ECF1E5-BDA6-46A4-9F72-4B75135FEBE1}.Release|Any CPU.ActiveCfg = Release|Any CPU
		{B7ECF1E5-BDA6-46A4-9F72-4B75135FEBE1}.Release|Any CPU.Build.0 = Release|Any CPU
		{C66A3E55-4AD3-4486-B4B5-AEA2CB2DAC22}.Debug|Any CPU.ActiveCfg = Debug|Any CPU
		{C66A3E55-4AD3-4486-B4B5-AEA2CB2DAC22}.Debug|Any CPU.Build.0 = Debug|Any CPU
		{C66A3E55-4AD3-4486-B4B5-AEA2CB2DAC22}.Release|Any CPU.ActiveCfg = Release|Any CPU
		{C66A3E55-4AD3-4486-B4B5-AEA2CB2DAC22}.Release|Any CPU.Build.0 = Release|Any CPU
		{59905F9B-3369-425F-ABDF-B1B51651DA60}.Debug|Any CPU.ActiveCfg = Debug|Any CPU
		{59905F9B-3369-425F-ABDF-B1B51651DA60}.Debug|Any CPU.Build.0 = Debug|Any CPU
		{59905F9B-3369-425F-ABDF-B1B51651DA60}.Release|Any CPU.ActiveCfg = Release|Any CPU
		{59905F9B-3369-425F-ABDF-B1B51651DA60}.Release|Any CPU.Build.0 = Release|Any CPU
		{E9315623-119E-47EE-9ECE-D8F586470A71}.Debug|Any CPU.ActiveCfg = Debug|Any CPU
		{E9315623-119E-47EE-9ECE-D8F586470A71}.Debug|Any CPU.Build.0 = Debug|Any CPU
		{E9315623-119E-47EE-9ECE-D8F586470A71}.Release|Any CPU.ActiveCfg = Release|Any CPU
		{E9315623-119E-47EE-9ECE-D8F586470A71}.Release|Any CPU.Build.0 = Release|Any CPU
		{1E746B14-1D28-4CDA-8D5E-D9C611ECF6EE}.Debug|Any CPU.ActiveCfg = Debug|Any CPU
		{1E746B14-1D28-4CDA-8D5E-D9C611ECF6EE}.Debug|Any CPU.Build.0 = Debug|Any CPU
		{1E746B14-1D28-4CDA-8D5E-D9C611ECF6EE}.Release|Any CPU.ActiveCfg = Release|Any CPU
		{1E746B14-1D28-4CDA-8D5E-D9C611ECF6EE}.Release|Any CPU.Build.0 = Release|Any CPU
	EndGlobalSection
	GlobalSection(SolutionProperties) = preSolution
		HideSolutionNode = FALSE
	EndGlobalSection
	GlobalSection(ExtensibilityGlobals) = postSolution
		SolutionGuid = {FA38EDB0-1426-4781-8C50-7ABCE55402CD}
	EndGlobalSection
EndGlobal
